
Microsoft Visual Studio Solution File, Format Version 12.00
# Visual Studio 14
VisualStudioVersion = 14.0.25420.1
MinimumVisualStudioVersion = 10.0.40219.1
Project("{FAE04EC0-301F-11D3-BF4B-00C04F79EFBC}") = "TemperatureService", "Temperature\TemperatureService.csproj", "{2D889CD5-C04F-453F-BB3F-CE28FCA9BADA}"
EndProject
Project("{FAE04EC0-301F-11D3-BF4B-00C04F79EFBC}") = "TemperatureApp", "TemperatureApp\TemperatureApp.csproj", "{4EA657D7-C2E2-4228-BBB4-DB1BB1D1E520}"
	ProjectSection(ProjectDependencies) = postProject
		{2D889CD5-C04F-453F-BB3F-CE28FCA9BADA} = {2D889CD5-C04F-453F-BB3F-CE28FCA9BADA}
	EndProjectSection
EndProject
Project("{E24C65DC-7377-472B-9ABA-BC803B73C61A}") = "TemperatureWeb", "..\..\WebSites\TemperatureWeb\", "{59DE29D1-251F-40E6-9554-76BED2F40EA7}"
	ProjectSection(WebsiteProperties) = preProject
		TargetFrameworkMoniker = ".NETFramework,Version%3Dv4.5.2"
		Debug.AspNetCompiler.VirtualPath = "/localhost_53840"
		Debug.AspNetCompiler.PhysicalPath = "..\..\WebSites\TemperatureWeb\"
		Debug.AspNetCompiler.TargetPath = "PrecompiledWeb\localhost_53840\"
		Debug.AspNetCompiler.Updateable = "true"
		Debug.AspNetCompiler.ForceOverwrite = "true"
		Debug.AspNetCompiler.FixedNames = "false"
		Debug.AspNetCompiler.Debug = "True"
		Release.AspNetCompiler.VirtualPath = "/localhost_53840"
		Release.AspNetCompiler.PhysicalPath = "..\..\WebSites\TemperatureWeb\"
		Release.AspNetCompiler.TargetPath = "PrecompiledWeb\localhost_53840\"
		Release.AspNetCompiler.Updateable = "true"
		Release.AspNetCompiler.ForceOverwrite = "true"
		Release.AspNetCompiler.FixedNames = "false"
		Release.AspNetCompiler.Debug = "False"
		VWDPort = "53840"
		SlnRelativePath = "..\..\WebSites\TemperatureWeb\"
		DefaultWebSiteLanguage = "Visual C#"
	EndProjectSection
	ProjectSection(ProjectDependencies) = postProject
		{2D889CD5-C04F-453F-BB3F-CE28FCA9BADA} = {2D889CD5-C04F-453F-BB3F-CE28FCA9BADA}
	EndProjectSection
EndProject
Global
	GlobalSection(SolutionConfigurationPlatforms) = preSolution
		Debug|Any CPU = Debug|Any CPU
		Release|Any CPU = Release|Any CPU
	EndGlobalSection
	GlobalSection(ProjectConfigurationPlatforms) = postSolution
		{2D889CD5-C04F-453F-BB3F-CE28FCA9BADA}.Debug|Any CPU.ActiveCfg = Debug|Any CPU
		{2D889CD5-C04F-453F-BB3F-CE28FCA9BADA}.Debug|Any CPU.Build.0 = Debug|Any CPU
		{2D889CD5-C04F-453F-BB3F-CE28FCA9BADA}.Release|Any CPU.ActiveCfg = Release|Any CPU
		{2D889CD5-C04F-453F-BB3F-CE28FCA9BADA}.Release|Any CPU.Build.0 = Release|Any CPU
		{4EA657D7-C2E2-4228-BBB4-DB1BB1D1E520}.Debug|Any CPU.ActiveCfg = Debug|Any CPU
		{4EA657D7-C2E2-4228-BBB4-DB1BB1D1E520}.Debug|Any CPU.Build.0 = Debug|Any CPU
		{4EA657D7-C2E2-4228-BBB4-DB1BB1D1E520}.Release|Any CPU.ActiveCfg = Release|Any CPU
		{4EA657D7-C2E2-4228-BBB4-DB1BB1D1E520}.Release|Any CPU.Build.0 = Release|Any CPU
		{59DE29D1-251F-40E6-9554-76BED2F40EA7}.Debug|Any CPU.ActiveCfg = Debug|Any CPU
		{59DE29D1-251F-40E6-9554-76BED2F40EA7}.Debug|Any CPU.Build.0 = Debug|Any CPU
		{59DE29D1-251F-40E6-9554-76BED2F40EA7}.Release|Any CPU.ActiveCfg = Debug|Any CPU
		{59DE29D1-251F-40E6-9554-76BED2F40EA7}.Release|Any CPU.Build.0 = Debug|Any CPU
	EndGlobalSection
	GlobalSection(SolutionProperties) = preSolution
		HideSolutionNode = FALSE
	EndGlobalSection
EndGlobal
